
Microsoft Visual Studio Solution File, Format Version 12.00
# Visual Studio Version 16
VisualStudioVersion = 16.0.29613.14
MinimumVisualStudioVersion = 10.0.40219.1
Project("{FAE04EC0-301F-11D3-BF4B-00C04F79EFBC}") = "Lab 2", "Lab 2\Lab 2.csproj", "{3DCCF87D-23A3-4CD3-B3C4-672D603B1901}"
EndProject
Project("{2150E333-8FDC-42A3-9474-1A3956D46DE8}") = "CIS199", "CIS199", "{4F675C05-5FCB-4081-80E9-213757214CDE}"
EndProject
Global
	GlobalSection(SolutionConfigurationPlatforms) = preSolution
		Debug|Any CPU = Debug|Any CPU
		Release|Any CPU = Release|Any CPU
	EndGlobalSection
	GlobalSection(ProjectConfigurationPlatforms) = postSolution
		{3DCCF87D-23A3-4CD3-B3C4-672D603B1901}.Debug|Any CPU.ActiveCfg = Debug|Any CPU
		{3DCCF87D-23A3-4CD3-B3C4-672D603B1901}.Debug|Any CPU.Build.0 = Debug|Any CPU
		{3DCCF87D-23A3-4CD3-B3C4-672D603B1901}.Release|Any CPU.ActiveCfg = Release|Any CPU
		{3DCCF87D-23A3-4CD3-B3C4-672D603B1901}.Release|Any CPU.Build.0 = Release|Any CPU
	EndGlobalSection
	GlobalSection(SolutionProperties) = preSolution
		HideSolutionNode = FALSE
	EndGlobalSection
	GlobalSection(NestedProjects) = preSolution
		{3DCCF87D-23A3-4CD3-B3C4-672D603B1901} = {4F675C05-5FCB-4081-80E9-213757214CDE}
	EndGlobalSection
	GlobalSection(ExtensibilityGlobals) = postSolution
		SolutionGuid = {EFC4D232-538F-4D1E-8969-41A9CD587400}
	EndGlobalSection
EndGlobal
